
Microsoft Visual Studio Solution File, Format Version 12.00
# Visual Studio Version 16
VisualStudioVersion = 16.0.31025.194
MinimumVisualStudioVersion = 10.0.40219.1
Project("{FAE04EC0-301F-11D3-BF4B-00C04F79EFBC}") = "CryptoSentry", "CryptoSentry.csproj", "{ED155F96-C242-4185-A20A-1792B9A2630C}"
EndProject
Global
	GlobalSection(SolutionConfigurationPlatforms) = preSolution
		Debug|Any CPU = Debug|Any CPU
		Release|Any CPU = Release|Any CPU
	EndGlobalSection
	GlobalSection(ProjectConfigurationPlatforms) = postSolution
		{ED155F96-C242-4185-A20A-1792B9A2630C}.Debug|Any CPU.ActiveCfg = Debug|Any CPU
		{ED155F96-C242-4185-A20A-1792B9A2630C}.Debug|Any CPU.Build.0 = Debug|Any CPU
		{ED155F96-C242-4185-A20A-1792B9A2630C}.Release|Any CPU.ActiveCfg = Release|Any CPU
		{ED155F96-C242-4185-A20A-1792B9A2630C}.Release|Any CPU.Build.0 = Release|Any CPU
	EndGlobalSection
	GlobalSection(SolutionProperties) = preSolution
		HideSolutionNode = FALSE
	EndGlobalSection
	GlobalSection(ExtensibilityGlobals) = postSolution
		SolutionGuid = {DEEABBB0-C73A-48A5-AF15-1356CE4DE651}
	EndGlobalSection
EndGlobal
